
Microsoft Visual Studio Solution File, Format Version 12.00
# Visual Studio Version 16
VisualStudioVersion = 16.0.31702.278
MinimumVisualStudioVersion = 10.0.40219.1
Project("{9A19103F-16F7-4668-BE54-9A1E7A4F7556}") = "LongestPeriod", "LongestPeriod\LongestPeriod.csproj", "{2FF6DA87-3D66-4D12-9AFE-9DB91360D44C}"
EndProject
Project("{FAE04EC0-301F-11D3-BF4B-00C04F79EFBC}") = "LongestPeriodUI", "LongestPeriodUI\LongestPeriodUI.csproj", "{1A602B63-E37C-4F96-B40B-AB16F39A9333}"
EndProject
Global
	GlobalSection(SolutionConfigurationPlatforms) = preSolution
		Debug|Any CPU = Debug|Any CPU
		Release|Any CPU = Release|Any CPU
	EndGlobalSection
	GlobalSection(ProjectConfigurationPlatforms) = postSolution
		{2FF6DA87-3D66-4D12-9AFE-9DB91360D44C}.Debug|Any CPU.ActiveCfg = Debug|Any CPU
		{2FF6DA87-3D66-4D12-9AFE-9DB91360D44C}.Debug|Any CPU.Build.0 = Debug|Any CPU
		{2FF6DA87-3D66-4D12-9AFE-9DB91360D44C}.Release|Any CPU.ActiveCfg = Release|Any CPU
		{2FF6DA87-3D66-4D12-9AFE-9DB91360D44C}.Release|Any CPU.Build.0 = Release|Any CPU
		{1A602B63-E37C-4F96-B40B-AB16F39A9333}.Debug|Any CPU.ActiveCfg = Debug|Any CPU
		{1A602B63-E37C-4F96-B40B-AB16F39A9333}.Debug|Any CPU.Build.0 = Debug|Any CPU
		{1A602B63-E37C-4F96-B40B-AB16F39A9333}.Release|Any CPU.ActiveCfg = Release|Any CPU
		{1A602B63-E37C-4F96-B40B-AB16F39A9333}.Release|Any CPU.Build.0 = Release|Any CPU
	EndGlobalSection
	GlobalSection(SolutionProperties) = preSolution
		HideSolutionNode = FALSE
	EndGlobalSection
	GlobalSection(ExtensibilityGlobals) = postSolution
		SolutionGuid = {3E8EB0AF-1674-4315-829E-337F844F786A}
	EndGlobalSection
EndGlobal
